{
  "name": "fixture",
  "version": "1.2.3",
  "lockfileVersion": 3,
  "packages": {
    "": {
      "name": "fixture",
      "version": "1.2.3"
    },
    "node_modules/release-collision": {
      "version": "1.2.3"
    }
  },
  "dependencies": {
    "release-collision": {
      "version": "1.2.3"
    }
  }
}
